
Microsoft Visual Studio Solution File, Format Version 12.00
# Visual Studio Version 17
VisualStudioVersion = 17.11.35303.130
MinimumVisualStudioVersion = 10.0.40219.1
Project("{FAE04EC0-301F-11D3-BF4B-00C04F79EFBC}") = "LibQuaternion", "LibQuaternion.csproj", "{B72A7B6F-F0E6-4E25-8908-97024D939F79}"
EndProject
Project("{FAE04EC0-301F-11D3-BF4B-00C04F79EFBC}") = "TestQuater", "..\TestQuater\TestQuater.csproj", "{01946833-D06A-474C-AED3-44986CF98605}"
EndProject
Global
	GlobalSection(SolutionConfigurationPlatforms) = preSolution
		Debug|Any CPU = Debug|Any CPU
		Release|Any CPU = Release|Any CPU
	EndGlobalSection
	GlobalSection(ProjectConfigurationPlatforms) = postSolution
		{B72A7B6F-F0E6-4E25-8908-97024D939F79}.Debug|Any CPU.ActiveCfg = Debug|Any CPU
		{B72A7B6F-F0E6-4E25-8908-97024D939F79}.Debug|Any CPU.Build.0 = Debug|Any CPU
		{B72A7B6F-F0E6-4E25-8908-97024D939F79}.Release|Any CPU.ActiveCfg = Release|Any CPU
		{B72A7B6F-F0E6-4E25-8908-97024D939F79}.Release|Any CPU.Build.0 = Release|Any CPU
		{01946833-D06A-474C-AED3-44986CF98605}.Debug|Any CPU.ActiveCfg = Debug|Any CPU
		{01946833-D06A-474C-AED3-44986CF98605}.Debug|Any CPU.Build.0 = Debug|Any CPU
		{01946833-D06A-474C-AED3-44986CF98605}.Release|Any CPU.ActiveCfg = Release|Any CPU
		{01946833-D06A-474C-AED3-44986CF98605}.Release|Any CPU.Build.0 = Release|Any CPU
	EndGlobalSection
	GlobalSection(SolutionProperties) = preSolution
		HideSolutionNode = FALSE
	EndGlobalSection
	GlobalSection(ExtensibilityGlobals) = postSolution
		SolutionGuid = {4CBB78BA-2161-4D21-8A3C-3E141793DD08}
	EndGlobalSection
EndGlobal
