
Microsoft Visual Studio Solution File, Format Version 12.00
# Visual Studio Version 17
VisualStudioVersion = 17.11.35303.130
MinimumVisualStudioVersion = 10.0.40219.1
Project("{FAE04EC0-301F-11D3-BF4B-00C04F79EFBC}") = "task07-2", "task07-2\task07-2.csproj", "{21A2FE93-F902-4591-921C-AB547CE1D7A4}"
EndProject
Global
	GlobalSection(SolutionConfigurationPlatforms) = preSolution
		Debug|Any CPU = Debug|Any CPU
		Release|Any CPU = Release|Any CPU
	EndGlobalSection
	GlobalSection(ProjectConfigurationPlatforms) = postSolution
		{21A2FE93-F902-4591-921C-AB547CE1D7A4}.Debug|Any CPU.ActiveCfg = Debug|Any CPU
		{21A2FE93-F902-4591-921C-AB547CE1D7A4}.Debug|Any CPU.Build.0 = Debug|Any CPU
		{21A2FE93-F902-4591-921C-AB547CE1D7A4}.Release|Any CPU.ActiveCfg = Release|Any CPU
		{21A2FE93-F902-4591-921C-AB547CE1D7A4}.Release|Any CPU.Build.0 = Release|Any CPU
	EndGlobalSection
	GlobalSection(SolutionProperties) = preSolution
		HideSolutionNode = FALSE
	EndGlobalSection
	GlobalSection(ExtensibilityGlobals) = postSolution
		SolutionGuid = {5F13D2B0-6A9C-4F00-BEC7-ED08330DD0EA}
	EndGlobalSection
EndGlobal
