
Microsoft Visual Studio Solution File, Format Version 12.00
# Visual Studio Version 17
VisualStudioVersion = 17.11.35303.130
MinimumVisualStudioVersion = 10.0.40219.1
Project("{FAE04EC0-301F-11D3-BF4B-00C04F79EFBC}") = "task10_2", "task10_2\task10_2.csproj", "{A8ABF19B-5E58-4900-8218-33EF4009B06F}"
EndProject
Global
	GlobalSection(SolutionConfigurationPlatforms) = preSolution
		Debug|Any CPU = Debug|Any CPU
		Release|Any CPU = Release|Any CPU
	EndGlobalSection
	GlobalSection(ProjectConfigurationPlatforms) = postSolution
		{A8ABF19B-5E58-4900-8218-33EF4009B06F}.Debug|Any CPU.ActiveCfg = Debug|Any CPU
		{A8ABF19B-5E58-4900-8218-33EF4009B06F}.Debug|Any CPU.Build.0 = Debug|Any CPU
		{A8ABF19B-5E58-4900-8218-33EF4009B06F}.Release|Any CPU.ActiveCfg = Release|Any CPU
		{A8ABF19B-5E58-4900-8218-33EF4009B06F}.Release|Any CPU.Build.0 = Release|Any CPU
	EndGlobalSection
	GlobalSection(SolutionProperties) = preSolution
		HideSolutionNode = FALSE
	EndGlobalSection
	GlobalSection(ExtensibilityGlobals) = postSolution
		SolutionGuid = {3B42A0CE-5471-44C2-B655-99EE23080156}
	EndGlobalSection
EndGlobal
