
Microsoft Visual Studio Solution File, Format Version 12.00
# Visual Studio Version 17
VisualStudioVersion = 17.11.35303.130
MinimumVisualStudioVersion = 10.0.40219.1
Project("{FAE04EC0-301F-11D3-BF4B-00C04F79EFBC}") = "integer", "integer\integer.csproj", "{8860226B-E52E-4DA4-9049-2DBBC97D3827}"
EndProject
Global
	GlobalSection(SolutionConfigurationPlatforms) = preSolution
		Debug|Any CPU = Debug|Any CPU
		Release|Any CPU = Release|Any CPU
	EndGlobalSection
	GlobalSection(ProjectConfigurationPlatforms) = postSolution
		{8860226B-E52E-4DA4-9049-2DBBC97D3827}.Debug|Any CPU.ActiveCfg = Debug|Any CPU
		{8860226B-E52E-4DA4-9049-2DBBC97D3827}.Debug|Any CPU.Build.0 = Debug|Any CPU
		{8860226B-E52E-4DA4-9049-2DBBC97D3827}.Release|Any CPU.ActiveCfg = Release|Any CPU
		{8860226B-E52E-4DA4-9049-2DBBC97D3827}.Release|Any CPU.Build.0 = Release|Any CPU
	EndGlobalSection
	GlobalSection(SolutionProperties) = preSolution
		HideSolutionNode = FALSE
	EndGlobalSection
	GlobalSection(ExtensibilityGlobals) = postSolution
		SolutionGuid = {F23FEE6C-C8D5-4C2E-B57A-A0EFC2040A5D}
	EndGlobalSection
EndGlobal
