
Microsoft Visual Studio Solution File, Format Version 12.00
# Visual Studio Version 17
VisualStudioVersion = 17.11.35303.130
MinimumVisualStudioVersion = 10.0.40219.1
Project("{FAE04EC0-301F-11D3-BF4B-00C04F79EFBC}") = "task10_1", "task10_1\task10_1.csproj", "{83A6ACA1-4E08-402F-A090-B7282FAC401D}"
EndProject
Global
	GlobalSection(SolutionConfigurationPlatforms) = preSolution
		Debug|Any CPU = Debug|Any CPU
		Release|Any CPU = Release|Any CPU
	EndGlobalSection
	GlobalSection(ProjectConfigurationPlatforms) = postSolution
		{83A6ACA1-4E08-402F-A090-B7282FAC401D}.Debug|Any CPU.ActiveCfg = Debug|Any CPU
		{83A6ACA1-4E08-402F-A090-B7282FAC401D}.Debug|Any CPU.Build.0 = Debug|Any CPU
		{83A6ACA1-4E08-402F-A090-B7282FAC401D}.Release|Any CPU.ActiveCfg = Release|Any CPU
		{83A6ACA1-4E08-402F-A090-B7282FAC401D}.Release|Any CPU.Build.0 = Release|Any CPU
	EndGlobalSection
	GlobalSection(SolutionProperties) = preSolution
		HideSolutionNode = FALSE
	EndGlobalSection
	GlobalSection(ExtensibilityGlobals) = postSolution
		SolutionGuid = {D01491AF-4D8B-49F1-83F1-B9B78FFD9363}
	EndGlobalSection
EndGlobal
