
Microsoft Visual Studio Solution File, Format Version 12.00
# Visual Studio Version 17
VisualStudioVersion = 17.11.35303.130
MinimumVisualStudioVersion = 10.0.40219.1
Project("{FAE04EC0-301F-11D3-BF4B-00C04F79EFBC}") = "task04", "task04\task04.csproj", "{251CCE5F-DAF1-4824-8987-75DA81EC2FED}"
EndProject
Global
	GlobalSection(SolutionConfigurationPlatforms) = preSolution
		Debug|Any CPU = Debug|Any CPU
		Release|Any CPU = Release|Any CPU
	EndGlobalSection
	GlobalSection(ProjectConfigurationPlatforms) = postSolution
		{251CCE5F-DAF1-4824-8987-75DA81EC2FED}.Debug|Any CPU.ActiveCfg = Debug|Any CPU
		{251CCE5F-DAF1-4824-8987-75DA81EC2FED}.Debug|Any CPU.Build.0 = Debug|Any CPU
		{251CCE5F-DAF1-4824-8987-75DA81EC2FED}.Release|Any CPU.ActiveCfg = Release|Any CPU
		{251CCE5F-DAF1-4824-8987-75DA81EC2FED}.Release|Any CPU.Build.0 = Release|Any CPU
	EndGlobalSection
	GlobalSection(SolutionProperties) = preSolution
		HideSolutionNode = FALSE
	EndGlobalSection
	GlobalSection(ExtensibilityGlobals) = postSolution
		SolutionGuid = {00BBA9C2-7575-4361-BBE0-F784AB0155D9}
	EndGlobalSection
EndGlobal
