
Microsoft Visual Studio Solution File, Format Version 12.00
# Visual Studio Version 17
VisualStudioVersion = 17.11.35303.130
MinimumVisualStudioVersion = 10.0.40219.1
Project("{FAE04EC0-301F-11D3-BF4B-00C04F79EFBC}") = "task10_4", "task10_4\task10_4.csproj", "{02E4B268-2901-4B36-B944-8C76B3DF2F0B}"
EndProject
Global
	GlobalSection(SolutionConfigurationPlatforms) = preSolution
		Debug|Any CPU = Debug|Any CPU
		Release|Any CPU = Release|Any CPU
	EndGlobalSection
	GlobalSection(ProjectConfigurationPlatforms) = postSolution
		{02E4B268-2901-4B36-B944-8C76B3DF2F0B}.Debug|Any CPU.ActiveCfg = Debug|Any CPU
		{02E4B268-2901-4B36-B944-8C76B3DF2F0B}.Debug|Any CPU.Build.0 = Debug|Any CPU
		{02E4B268-2901-4B36-B944-8C76B3DF2F0B}.Release|Any CPU.ActiveCfg = Release|Any CPU
		{02E4B268-2901-4B36-B944-8C76B3DF2F0B}.Release|Any CPU.Build.0 = Release|Any CPU
	EndGlobalSection
	GlobalSection(SolutionProperties) = preSolution
		HideSolutionNode = FALSE
	EndGlobalSection
	GlobalSection(ExtensibilityGlobals) = postSolution
		SolutionGuid = {5DA75E0C-288B-4316-837F-D69FA29A1CCE}
	EndGlobalSection
EndGlobal
